
Microsoft Visual Studio Solution File, Format Version 12.00
# Visual Studio Version 16
VisualStudioVersion = 16.0.30717.126
MinimumVisualStudioVersion = 10.0.40219.1
Project("{888888A0-9F3D-457C-B088-3A5042F75D52}") = "szesciany", "szesciany\szesciany.pyproj", "{BA593E68-12B2-4131-86BA-47728563DE38}"
EndProject
Global
	GlobalSection(SolutionConfigurationPlatforms) = preSolution
		Debug|Any CPU = Debug|Any CPU
		Release|Any CPU = Release|Any CPU
	EndGlobalSection
	GlobalSection(ProjectConfigurationPlatforms) = postSolution
		{BA593E68-12B2-4131-86BA-47728563DE38}.Debug|Any CPU.ActiveCfg = Debug|Any CPU
		{BA593E68-12B2-4131-86BA-47728563DE38}.Release|Any CPU.ActiveCfg = Release|Any CPU
	EndGlobalSection
	GlobalSection(SolutionProperties) = preSolution
		HideSolutionNode = FALSE
	EndGlobalSection
	GlobalSection(ExtensibilityGlobals) = postSolution
		SolutionGuid = {09E5464B-F4BA-4EA5-9593-EEE86177B31C}
	EndGlobalSection
EndGlobal
