
Microsoft Visual Studio Solution File, Format Version 12.00
# Visual Studio Version 16
VisualStudioVersion = 16.0.30717.126
MinimumVisualStudioVersion = 10.0.40219.1
Project("{888888A0-9F3D-457C-B088-3A5042F75D52}") = "random_walk2", "random_walk2\random_walk2.pyproj", "{18F5DA2B-63B8-4F48-B1DB-D288BCF266F3}"
EndProject
Global
	GlobalSection(SolutionConfigurationPlatforms) = preSolution
		Debug|Any CPU = Debug|Any CPU
		Release|Any CPU = Release|Any CPU
	EndGlobalSection
	GlobalSection(ProjectConfigurationPlatforms) = postSolution
		{18F5DA2B-63B8-4F48-B1DB-D288BCF266F3}.Debug|Any CPU.ActiveCfg = Debug|Any CPU
		{18F5DA2B-63B8-4F48-B1DB-D288BCF266F3}.Release|Any CPU.ActiveCfg = Release|Any CPU
	EndGlobalSection
	GlobalSection(SolutionProperties) = preSolution
		HideSolutionNode = FALSE
	EndGlobalSection
	GlobalSection(ExtensibilityGlobals) = postSolution
		SolutionGuid = {ED6C565B-C817-47D8-B732-4D03A1BCD46B}
	EndGlobalSection
EndGlobal
